{
  "nodes": {
    "flake-compat": {
      "flake": false,
      "locked": {
        "lastModified": 1765121682,
        "narHash": "sha256-4VBOP18BFeiPkyhy9o4ssBNQEvfvv1kXkasAYd0+rrA=",
        "owner": "edolstra",
        "repo": "flake-compat",
        "rev": "65f23138d8d09a92e30f1e5c87611b23ef451bf3",
        "type": "github"
      },
      "original": {
        "owner": "edolstra",
        "repo": "flake-compat",
        "type": "github"
      }
    },
    "flake-parts": {
      "inputs": {
        "nixpkgs-lib": [
          "nixpkgs-lib"
        ]
      },
      "locked": {
        "lastModified": 1765835352,
        "narHash": "sha256-XswHlK/Qtjasvhd1nOa1e8MgZ8GS//jBoTqWtrS1Giw=",
        "owner": "hercules-ci",
        "repo": "flake-parts",
        "rev": "a34fae9c08a15ad73f295041fec82323541400a9",
        "type": "github"
      },
      "original": {
        "owner": "hercules-ci",
        "repo": "flake-parts",
        "type": "github"
      }
    },
    "flake-root": {
      "locked": {
        "lastModified": 1723604017,
        "narHash": "sha256-rBtQ8gg+Dn4Sx/s+pvjdq3CB2wQNzx9XGFq/JVGCB6k=",
        "owner": "srid",
        "repo": "flake-root",
        "rev": "b759a56851e10cb13f6b8e5698af7b59c44be26e",
        "type": "github"
      },
      "original": {
        "owner": "srid",
        "repo": "flake-root",
        "type": "github"
      }
    },
    "git-hooks": {
      "inputs": {
        "flake-compat": [
          "flake-compat"
        ],
        "gitignore": [
          "gitignore"
        ],
        "nixpkgs": [
          "nixpkgs"
        ]
      },
      "locked": {
        "lastModified": 1765911976,
        "narHash": "sha256-t3T/xm8zstHRLx+pIHxVpQTiySbKqcQbK+r+01XVKc0=",
        "owner": "cachix",
        "repo": "git-hooks.nix",
        "rev": "b68b780b69702a090c8bb1b973bab13756cc7a27",
        "type": "github"
      },
      "original": {
        "owner": "cachix",
        "repo": "git-hooks.nix",
        "type": "github"
      }
    },
    "gitignore": {
      "inputs": {
        "nixpkgs": [
          "nixpkgs"
        ]
      },
      "locked": {
        "lastModified": 1762808025,
        "narHash": "sha256-XmjITeZNMTQXGhhww6ed/Wacy2KzD6svioyCX7pkUu4=",
        "owner": "hercules-ci",
        "repo": "gitignore.nix",
        "rev": "cb5e3fdca1de58ccbc3ef53de65bd372b48f567c",
        "type": "github"
      },
      "original": {
        "owner": "hercules-ci",
        "repo": "gitignore.nix",
        "type": "github"
      }
    },
    "nix-src": {
      "inputs": {
        "flake-parts": [
          "flake-parts"
        ],
        "git-hooks-nix": [
          "git-hooks"
        ],
        "nixpkgs": [
          "nixpkgs"
        ],
        "nixpkgs-23-11": "nixpkgs-23-11",
        "nixpkgs-regression": "nixpkgs-regression"
      },
      "locked": {
        "lastModified": 1766546676,
        "narHash": "sha256-GsC52VFF9Gi2pgP/haQyPdQoF5Qe2myk1tsPcuJZI28=",
        "owner": "DeterminateSystems",
        "repo": "nix-src",
        "rev": "51dacdd248e8071cd0243a8245c8c42ac1f33307",
        "type": "github"
      },
      "original": {
        "owner": "DeterminateSystems",
        "repo": "nix-src",
        "type": "github"
      }
    },
    "nixpkgs": {
      "locked": {
        "lastModified": 1766309749,
        "narHash": "sha256-3xY8CZ4rSnQ0NqGhMKAy5vgC+2IVK0NoVEzDoOh4DA4=",
        "owner": "nixos",
        "repo": "nixpkgs",
        "rev": "a6531044f6d0bef691ea18d4d4ce44d0daa6e816",
        "type": "github"
      },
      "original": {
        "owner": "nixos",
        "ref": "nixos-unstable",
        "repo": "nixpkgs",
        "type": "github"
      }
    },
    "nixpkgs-23-11": {
      "locked": {
        "lastModified": 1717159533,
        "narHash": "sha256-oamiKNfr2MS6yH64rUn99mIZjc45nGJlj9eGth/3Xuw=",
        "owner": "NixOS",
        "repo": "nixpkgs",
        "rev": "a62e6edd6d5e1fa0329b8653c801147986f8d446",
        "type": "github"
      },
      "original": {
        "owner": "NixOS",
        "repo": "nixpkgs",
        "rev": "a62e6edd6d5e1fa0329b8653c801147986f8d446",
        "type": "github"
      }
    },
    "nixpkgs-lib": {
      "locked": {
        "dir": "lib",
        "lastModified": 1766309749,
        "narHash": "sha256-3xY8CZ4rSnQ0NqGhMKAy5vgC+2IVK0NoVEzDoOh4DA4=",
        "owner": "nixos",
        "repo": "nixpkgs",
        "rev": "a6531044f6d0bef691ea18d4d4ce44d0daa6e816",
        "type": "github"
      },
      "original": {
        "dir": "lib",
        "owner": "nixos",
        "ref": "nixos-unstable",
        "repo": "nixpkgs",
        "type": "github"
      }
    },
    "nixpkgs-regression": {
      "locked": {
        "lastModified": 1643052045,
        "narHash": "sha256-uGJ0VXIhWKGXxkeNnq4TvV3CIOkUJ3PAoLZ3HMzNVMw=",
        "owner": "NixOS",
        "repo": "nixpkgs",
        "rev": "215d4d0fd80ca5163643b03a33fde804a29cc1e2",
        "type": "github"
      },
      "original": {
        "owner": "NixOS",
        "repo": "nixpkgs",
        "rev": "215d4d0fd80ca5163643b03a33fde804a29cc1e2",
        "type": "github"
      }
    },
    "root": {
      "inputs": {
        "flake-compat": "flake-compat",
        "flake-parts": "flake-parts",
        "flake-root": "flake-root",
        "git-hooks": "git-hooks",
        "gitignore": "gitignore",
        "nix-src": "nix-src",
        "nixpkgs": "nixpkgs",
        "nixpkgs-lib": "nixpkgs-lib",
        "treefmt-nix": "treefmt-nix"
      }
    },
    "treefmt-nix": {
      "inputs": {
        "nixpkgs": [
          "nixpkgs"
        ]
      },
      "locked": {
        "lastModified": 1766000401,
        "narHash": "sha256-+cqN4PJz9y0JQXfAK5J1drd0U05D5fcAGhzhfVrDlsI=",
        "owner": "numtide",
        "repo": "treefmt-nix",
        "rev": "42d96e75aa56a3f70cab7e7dc4a32868db28e8fd",
        "type": "github"
      },
      "original": {
        "owner": "numtide",
        "repo": "treefmt-nix",
        "type": "github"
      }
    }
  },
  "root": "root",
  "version": 7
}
